
Microsoft Visual Studio Solution File, Format Version 12.00
# Visual Studio 14
VisualStudioVersion = 14.0.25420.1
MinimumVisualStudioVersion = 10.0.40219.1
Project("{FAE04EC0-301F-11D3-BF4B-00C04F79EFBC}") = "PF.Web", "PF.Web\PF.Web.csproj", "{289C4571-6B9A-43F3-8DFC-AD1332F89B46}"
EndProject
Project("{FAE04EC0-301F-11D3-BF4B-00C04F79EFBC}") = "PF.Wpf", "PF.Wpf\PF.Wpf.csproj", "{7357513A-B81D-479B-9B4C-03ED1D74A983}"
EndProject
Project("{FAE04EC0-301F-11D3-BF4B-00C04F79EFBC}") = "PF.Models", "PF.Models\PF.Models.csproj", "{1700914C-816A-4A9B-8A31-FA0B13279AED}"
EndProject
Project("{FAE04EC0-301F-11D3-BF4B-00C04F79EFBC}") = "PF.DAL", "PF.DAL\PF.DAL.csproj", "{CF6EACD8-D633-4183-B1B9-9AD2B7E5D7D2}"
EndProject
Project("{FAE04EC0-301F-11D3-BF4B-00C04F79EFBC}") = "PF.BLL", "PF.BLL\PF.BLL.csproj", "{D79A8546-A4A5-49FE-8615-3FAC2AB6A3E4}"
EndProject
Project("{FAE04EC0-301F-11D3-BF4B-00C04F79EFBC}") = "PF.ViewModels", "PF.ViewModels\PF.ViewModels.csproj", "{A99F895B-DEA0-4473-81F8-3C761A1C7C6F}"
EndProject
Project("{FAE04EC0-301F-11D3-BF4B-00C04F79EFBC}") = "PF.Utility", "PF.Utility\PF.Utility.csproj", "{A9AC554D-2DB3-4707-A57A-F1F8D214D0A6}"
EndProject
Project("{2150E333-8FDC-42A3-9474-1A3956D46DE8}") = "后台", "后台", "{4E561DC5-CE70-4584-B8D7-B5AF9191658E}"
EndProject
Project("{FAE04EC0-301F-11D3-BF4B-00C04F79EFBC}") = "PF.CA_BW_Night", "PF.CA_BW_Night\PF.CA_BW_Night.csproj", "{E819F36B-A725-40CC-9561-9D2432BE9E9B}"
EndProject
Project("{FAE04EC0-301F-11D3-BF4B-00C04F79EFBC}") = "PF.CA_BW_Morning", "PF.CA_BW_Morning\PF.CA_BW_Morning.csproj", "{1988216D-1FC4-4D83-A62D-7E43F128C181}"
EndProject
Project("{FAE04EC0-301F-11D3-BF4B-00C04F79EFBC}") = "PF.CA_LiveData_Rain", "PF.CA_LiveData_Rain\PF.CA_LiveData_Rain.csproj", "{CE94A705-1695-4975-9F46-D5EE6FCE229F}"
EndProject
Project("{2150E333-8FDC-42A3-9474-1A3956D46DE8}") = "生成", "生成", "{4963C0EB-802C-4161-8E95-1BAE23860043}"
EndProject
Project("{6141683F-8A12-4E36-9623-2EB02B2C2303}") = "Setup_LiveData_Rain", "Setup_LiveData_Rain\Setup_LiveData_Rain.isproj", "{87685D60-00BB-47FB-890C-2E57011B083F}"
EndProject
Global
	GlobalSection(SolutionConfigurationPlatforms) = preSolution
		CD_ROM|Any CPU = CD_ROM|Any CPU
		Debug|Any CPU = Debug|Any CPU
		DVD-5|Any CPU = DVD-5|Any CPU
		Release|Any CPU = Release|Any CPU
		SingleImage|Any CPU = SingleImage|Any CPU
	EndGlobalSection
	GlobalSection(ProjectConfigurationPlatforms) = postSolution
		{289C4571-6B9A-43F3-8DFC-AD1332F89B46}.CD_ROM|Any CPU.ActiveCfg = Release|Any CPU
		{289C4571-6B9A-43F3-8DFC-AD1332F89B46}.CD_ROM|Any CPU.Build.0 = Release|Any CPU
		{289C4571-6B9A-43F3-8DFC-AD1332F89B46}.Debug|Any CPU.ActiveCfg = Debug|Any CPU
		{289C4571-6B9A-43F3-8DFC-AD1332F89B46}.Debug|Any CPU.Build.0 = Debug|Any CPU
		{289C4571-6B9A-43F3-8DFC-AD1332F89B46}.DVD-5|Any CPU.ActiveCfg = Debug|Any CPU
		{289C4571-6B9A-43F3-8DFC-AD1332F89B46}.DVD-5|Any CPU.Build.0 = Debug|Any CPU
		{289C4571-6B9A-43F3-8DFC-AD1332F89B46}.Release|Any CPU.ActiveCfg = Release|Any CPU
		{289C4571-6B9A-43F3-8DFC-AD1332F89B46}.Release|Any CPU.Build.0 = Release|Any CPU
		{289C4571-6B9A-43F3-8DFC-AD1332F89B46}.SingleImage|Any CPU.ActiveCfg = Release|Any CPU
		{289C4571-6B9A-43F3-8DFC-AD1332F89B46}.SingleImage|Any CPU.Build.0 = Release|Any CPU
		{7357513A-B81D-479B-9B4C-03ED1D74A983}.CD_ROM|Any CPU.ActiveCfg = Release|Any CPU
		{7357513A-B81D-479B-9B4C-03ED1D74A983}.CD_ROM|Any CPU.Build.0 = Release|Any CPU
		{7357513A-B81D-479B-9B4C-03ED1D74A983}.Debug|Any CPU.ActiveCfg = Debug|Any CPU
		{7357513A-B81D-479B-9B4C-03ED1D74A983}.Debug|Any CPU.Build.0 = Debug|Any CPU
		{7357513A-B81D-479B-9B4C-03ED1D74A983}.DVD-5|Any CPU.ActiveCfg = Debug|Any CPU
		{7357513A-B81D-479B-9B4C-03ED1D74A983}.DVD-5|Any CPU.Build.0 = Debug|Any CPU
		{7357513A-B81D-479B-9B4C-03ED1D74A983}.Release|Any CPU.ActiveCfg = Release|Any CPU
		{7357513A-B81D-479B-9B4C-03ED1D74A983}.Release|Any CPU.Build.0 = Release|Any CPU
		{7357513A-B81D-479B-9B4C-03ED1D74A983}.SingleImage|Any CPU.ActiveCfg = Release|Any CPU
		{7357513A-B81D-479B-9B4C-03ED1D74A983}.SingleImage|Any CPU.Build.0 = Release|Any CPU
		{1700914C-816A-4A9B-8A31-FA0B13279AED}.CD_ROM|Any CPU.ActiveCfg = Release|Any CPU
		{1700914C-816A-4A9B-8A31-FA0B13279AED}.CD_ROM|Any CPU.Build.0 = Release|Any CPU
		{1700914C-816A-4A9B-8A31-FA0B13279AED}.Debug|Any CPU.ActiveCfg = Debug|Any CPU
		{1700914C-816A-4A9B-8A31-FA0B13279AED}.Debug|Any CPU.Build.0 = Debug|Any CPU
		{1700914C-816A-4A9B-8A31-FA0B13279AED}.DVD-5|Any CPU.ActiveCfg = Debug|Any CPU
		{1700914C-816A-4A9B-8A31-FA0B13279AED}.DVD-5|Any CPU.Build.0 = Debug|Any CPU
		{1700914C-816A-4A9B-8A31-FA0B13279AED}.Release|Any CPU.ActiveCfg = Release|Any CPU
		{1700914C-816A-4A9B-8A31-FA0B13279AED}.Release|Any CPU.Build.0 = Release|Any CPU
		{1700914C-816A-4A9B-8A31-FA0B13279AED}.SingleImage|Any CPU.ActiveCfg = Release|Any CPU
		{1700914C-816A-4A9B-8A31-FA0B13279AED}.SingleImage|Any CPU.Build.0 = Release|Any CPU
		{CF6EACD8-D633-4183-B1B9-9AD2B7E5D7D2}.CD_ROM|Any CPU.ActiveCfg = Release|Any CPU
		{CF6EACD8-D633-4183-B1B9-9AD2B7E5D7D2}.CD_ROM|Any CPU.Build.0 = Release|Any CPU
		{CF6EACD8-D633-4183-B1B9-9AD2B7E5D7D2}.Debug|Any CPU.ActiveCfg = Debug|Any CPU
		{CF6EACD8-D633-4183-B1B9-9AD2B7E5D7D2}.Debug|Any CPU.Build.0 = Debug|Any CPU
		{CF6EACD8-D633-4183-B1B9-9AD2B7E5D7D2}.DVD-5|Any CPU.ActiveCfg = Debug|Any CPU
		{CF6EACD8-D633-4183-B1B9-9AD2B7E5D7D2}.DVD-5|Any CPU.Build.0 = Debug|Any CPU
		{CF6EACD8-D633-4183-B1B9-9AD2B7E5D7D2}.Release|Any CPU.ActiveCfg = Release|Any CPU
		{CF6EACD8-D633-4183-B1B9-9AD2B7E5D7D2}.Release|Any CPU.Build.0 = Release|Any CPU
		{CF6EACD8-D633-4183-B1B9-9AD2B7E5D7D2}.SingleImage|Any CPU.ActiveCfg = Release|Any CPU
		{CF6EACD8-D633-4183-B1B9-9AD2B7E5D7D2}.SingleImage|Any CPU.Build.0 = Release|Any CPU
		{D79A8546-A4A5-49FE-8615-3FAC2AB6A3E4}.CD_ROM|Any CPU.ActiveCfg = Release|Any CPU
		{D79A8546-A4A5-49FE-8615-3FAC2AB6A3E4}.CD_ROM|Any CPU.Build.0 = Release|Any CPU
		{D79A8546-A4A5-49FE-8615-3FAC2AB6A3E4}.Debug|Any CPU.ActiveCfg = Debug|Any CPU
		{D79A8546-A4A5-49FE-8615-3FAC2AB6A3E4}.Debug|Any CPU.Build.0 = Debug|Any CPU
		{D79A8546-A4A5-49FE-8615-3FAC2AB6A3E4}.DVD-5|Any CPU.ActiveCfg = Debug|Any CPU
		{D79A8546-A4A5-49FE-8615-3FAC2AB6A3E4}.DVD-5|Any CPU.Build.0 = Debug|Any CPU
		{D79A8546-A4A5-49FE-8615-3FAC2AB6A3E4}.Release|Any CPU.ActiveCfg = Release|Any CPU
		{D79A8546-A4A5-49FE-8615-3FAC2AB6A3E4}.Release|Any CPU.Build.0 = Release|Any CPU
		{D79A8546-A4A5-49FE-8615-3FAC2AB6A3E4}.SingleImage|Any CPU.ActiveCfg = Release|Any CPU
		{D79A8546-A4A5-49FE-8615-3FAC2AB6A3E4}.SingleImage|Any CPU.Build.0 = Release|Any CPU
		{A99F895B-DEA0-4473-81F8-3C761A1C7C6F}.CD_ROM|Any CPU.ActiveCfg = Release|Any CPU
		{A99F895B-DEA0-4473-81F8-3C761A1C7C6F}.CD_ROM|Any CPU.Build.0 = Release|Any CPU
		{A99F895B-DEA0-4473-81F8-3C761A1C7C6F}.Debug|Any CPU.ActiveCfg = Debug|Any CPU
		{A99F895B-DEA0-4473-81F8-3C761A1C7C6F}.Debug|Any CPU.Build.0 = Debug|Any CPU
		{A99F895B-DEA0-4473-81F8-3C761A1C7C6F}.DVD-5|Any CPU.ActiveCfg = Debug|Any CPU
		{A99F895B-DEA0-4473-81F8-3C761A1C7C6F}.DVD-5|Any CPU.Build.0 = Debug|Any CPU
		{A99F895B-DEA0-4473-81F8-3C761A1C7C6F}.Release|Any CPU.ActiveCfg = Release|Any CPU
		{A99F895B-DEA0-4473-81F8-3C761A1C7C6F}.Release|Any CPU.Build.0 = Release|Any CPU
		{A99F895B-DEA0-4473-81F8-3C761A1C7C6F}.SingleImage|Any CPU.ActiveCfg = Release|Any CPU
		{A99F895B-DEA0-4473-81F8-3C761A1C7C6F}.SingleImage|Any CPU.Build.0 = Release|Any CPU
		{A9AC554D-2DB3-4707-A57A-F1F8D214D0A6}.CD_ROM|Any CPU.ActiveCfg = Release|Any CPU
		{A9AC554D-2DB3-4707-A57A-F1F8D214D0A6}.CD_ROM|Any CPU.Build.0 = Release|Any CPU
		{A9AC554D-2DB3-4707-A57A-F1F8D214D0A6}.Debug|Any CPU.ActiveCfg = Debug|Any CPU
		{A9AC554D-2DB3-4707-A57A-F1F8D214D0A6}.Debug|Any CPU.Build.0 = Debug|Any CPU
		{A9AC554D-2DB3-4707-A57A-F1F8D214D0A6}.DVD-5|Any CPU.ActiveCfg = Debug|Any CPU
		{A9AC554D-2DB3-4707-A57A-F1F8D214D0A6}.DVD-5|Any CPU.Build.0 = Debug|Any CPU
		{A9AC554D-2DB3-4707-A57A-F1F8D214D0A6}.Release|Any CPU.ActiveCfg = Release|Any CPU
		{A9AC554D-2DB3-4707-A57A-F1F8D214D0A6}.Release|Any CPU.Build.0 = Release|Any CPU
		{A9AC554D-2DB3-4707-A57A-F1F8D214D0A6}.SingleImage|Any CPU.ActiveCfg = Release|Any CPU
		{A9AC554D-2DB3-4707-A57A-F1F8D214D0A6}.SingleImage|Any CPU.Build.0 = Release|Any CPU
		{E819F36B-A725-40CC-9561-9D2432BE9E9B}.CD_ROM|Any CPU.ActiveCfg = Release|Any CPU
		{E819F36B-A725-40CC-9561-9D2432BE9E9B}.CD_ROM|Any CPU.Build.0 = Release|Any CPU
		{E819F36B-A725-40CC-9561-9D2432BE9E9B}.Debug|Any CPU.ActiveCfg = Debug|Any CPU
		{E819F36B-A725-40CC-9561-9D2432BE9E9B}.Debug|Any CPU.Build.0 = Debug|Any CPU
		{E819F36B-A725-40CC-9561-9D2432BE9E9B}.DVD-5|Any CPU.ActiveCfg = Debug|Any CPU
		{E819F36B-A725-40CC-9561-9D2432BE9E9B}.DVD-5|Any CPU.Build.0 = Debug|Any CPU
		{E819F36B-A725-40CC-9561-9D2432BE9E9B}.Release|Any CPU.ActiveCfg = Release|Any CPU
		{E819F36B-A725-40CC-9561-9D2432BE9E9B}.Release|Any CPU.Build.0 = Release|Any CPU
		{E819F36B-A725-40CC-9561-9D2432BE9E9B}.SingleImage|Any CPU.ActiveCfg = Release|Any CPU
		{E819F36B-A725-40CC-9561-9D2432BE9E9B}.SingleImage|Any CPU.Build.0 = Release|Any CPU
		{1988216D-1FC4-4D83-A62D-7E43F128C181}.CD_ROM|Any CPU.ActiveCfg = Release|Any CPU
		{1988216D-1FC4-4D83-A62D-7E43F128C181}.CD_ROM|Any CPU.Build.0 = Release|Any CPU
		{1988216D-1FC4-4D83-A62D-7E43F128C181}.Debug|Any CPU.ActiveCfg = Debug|Any CPU
		{1988216D-1FC4-4D83-A62D-7E43F128C181}.Debug|Any CPU.Build.0 = Debug|Any CPU
		{1988216D-1FC4-4D83-A62D-7E43F128C181}.DVD-5|Any CPU.ActiveCfg = Debug|Any CPU
		{1988216D-1FC4-4D83-A62D-7E43F128C181}.DVD-5|Any CPU.Build.0 = Debug|Any CPU
		{1988216D-1FC4-4D83-A62D-7E43F128C181}.Release|Any CPU.ActiveCfg = Release|Any CPU
		{1988216D-1FC4-4D83-A62D-7E43F128C181}.Release|Any CPU.Build.0 = Release|Any CPU
		{1988216D-1FC4-4D83-A62D-7E43F128C181}.SingleImage|Any CPU.ActiveCfg = Release|Any CPU
		{1988216D-1FC4-4D83-A62D-7E43F128C181}.SingleImage|Any CPU.Build.0 = Release|Any CPU
		{CE94A705-1695-4975-9F46-D5EE6FCE229F}.CD_ROM|Any CPU.ActiveCfg = Release|Any CPU
		{CE94A705-1695-4975-9F46-D5EE6FCE229F}.CD_ROM|Any CPU.Build.0 = Release|Any CPU
		{CE94A705-1695-4975-9F46-D5EE6FCE229F}.Debug|Any CPU.ActiveCfg = Debug|Any CPU
		{CE94A705-1695-4975-9F46-D5EE6FCE229F}.Debug|Any CPU.Build.0 = Debug|Any CPU
		{CE94A705-1695-4975-9F46-D5EE6FCE229F}.DVD-5|Any CPU.ActiveCfg = Debug|Any CPU
		{CE94A705-1695-4975-9F46-D5EE6FCE229F}.DVD-5|Any CPU.Build.0 = Debug|Any CPU
		{CE94A705-1695-4975-9F46-D5EE6FCE229F}.Release|Any CPU.ActiveCfg = Release|Any CPU
		{CE94A705-1695-4975-9F46-D5EE6FCE229F}.Release|Any CPU.Build.0 = Release|Any CPU
		{CE94A705-1695-4975-9F46-D5EE6FCE229F}.SingleImage|Any CPU.ActiveCfg = Release|Any CPU
		{CE94A705-1695-4975-9F46-D5EE6FCE229F}.SingleImage|Any CPU.Build.0 = Release|Any CPU
		{87685D60-00BB-47FB-890C-2E57011B083F}.CD_ROM|Any CPU.ActiveCfg = CD_ROM
		{87685D60-00BB-47FB-890C-2E57011B083F}.CD_ROM|Any CPU.Build.0 = CD_ROM
		{87685D60-00BB-47FB-890C-2E57011B083F}.Debug|Any CPU.ActiveCfg = SingleImage
		{87685D60-00BB-47FB-890C-2E57011B083F}.Debug|Any CPU.Build.0 = SingleImage
		{87685D60-00BB-47FB-890C-2E57011B083F}.DVD-5|Any CPU.ActiveCfg = DVD-5
		{87685D60-00BB-47FB-890C-2E57011B083F}.DVD-5|Any CPU.Build.0 = DVD-5
		{87685D60-00BB-47FB-890C-2E57011B083F}.Release|Any CPU.ActiveCfg = SingleImage
		{87685D60-00BB-47FB-890C-2E57011B083F}.Release|Any CPU.Build.0 = SingleImage
		{87685D60-00BB-47FB-890C-2E57011B083F}.SingleImage|Any CPU.ActiveCfg = SingleImage
		{87685D60-00BB-47FB-890C-2E57011B083F}.SingleImage|Any CPU.Build.0 = SingleImage
	EndGlobalSection
	GlobalSection(SolutionProperties) = preSolution
		HideSolutionNode = FALSE
	EndGlobalSection
	GlobalSection(NestedProjects) = preSolution
		{E819F36B-A725-40CC-9561-9D2432BE9E9B} = {4E561DC5-CE70-4584-B8D7-B5AF9191658E}
		{1988216D-1FC4-4D83-A62D-7E43F128C181} = {4E561DC5-CE70-4584-B8D7-B5AF9191658E}
		{CE94A705-1695-4975-9F46-D5EE6FCE229F} = {4E561DC5-CE70-4584-B8D7-B5AF9191658E}
		{87685D60-00BB-47FB-890C-2E57011B083F} = {4963C0EB-802C-4161-8E95-1BAE23860043}
	EndGlobalSection
EndGlobal
